{
  "name": "jse-error",
  "version": "1.0.0",
  "lockfileVersion": 2,
  "requires": true,
  "packages": {
    "": {
      "name": "jse-error",
      "version": "1.0.0",
      "license": "ISC",
      "dependencies": {
        "jse-eval": "^1.4.0"
      },
      "devDependencies": {
        "typescript": "^4.6.3"
      }
    },
    "node_modules/jse-eval": {
      "version": "1.4.0",
      "resolved": "https://registry.npmjs.org/jse-eval/-/jse-eval-1.4.0.tgz",
      "integrity": "sha512-5jc+PCmZ8IoyAv8unfeBGUqzMFnGEnSUuYIJX652KaEwcY4HLdo1uXfsA9l0v+TJdcLrcot/anWz8CqUzOqymA==",
      "dependencies": {
        "jsep": "^1.2.0"
      }
    },
    "node_modules/jsep": {
      "version": "1.3.4",
      "resolved": "https://registry.npmjs.org/jsep/-/jsep-1.3.4.tgz",
      "integrity": "sha512-v9FtqRr3aRlMqa5go1I/72WEbWlSpHTRNj38jht1jbUIkM/pErnBzpqxJeQfsgh26lGULof8nkc7dTO3zQs1Yw==",
      "engines": {
        "node": ">= 10.16.0"
      }
    },
    "node_modules/typescript": {
      "version": "4.6.3",
      "resolved": "https://registry.npmjs.org/typescript/-/typescript-4.6.3.tgz",
      "integrity": "sha512-yNIatDa5iaofVozS/uQJEl3JRWLKKGJKh6Yaiv0GLGSuhpFJe7P3SbHZ8/yjAHRQwKRoA6YZqlfjXWmVzoVSMw==",
      "dev": true,
      "bin": {
        "tsc": "bin/tsc",
        "tsserver": "bin/tsserver"
      },
      "engines": {
        "node": ">=4.2.0"
      }
    }
  },
  "dependencies": {
    "jse-eval": {
      "version": "1.4.0",
      "resolved": "https://registry.npmjs.org/jse-eval/-/jse-eval-1.4.0.tgz",
      "integrity": "sha512-5jc+PCmZ8IoyAv8unfeBGUqzMFnGEnSUuYIJX652KaEwcY4HLdo1uXfsA9l0v+TJdcLrcot/anWz8CqUzOqymA==",
      "requires": {
        "jsep": "^1.2.0"
      }
    },
    "jsep": {
      "version": "1.3.4",
      "resolved": "https://registry.npmjs.org/jsep/-/jsep-1.3.4.tgz",
      "integrity": "sha512-v9FtqRr3aRlMqa5go1I/72WEbWlSpHTRNj38jht1jbUIkM/pErnBzpqxJeQfsgh26lGULof8nkc7dTO3zQs1Yw=="
    },
    "typescript": {
      "version": "4.6.3",
      "resolved": "https://registry.npmjs.org/typescript/-/typescript-4.6.3.tgz",
      "integrity": "sha512-yNIatDa5iaofVozS/uQJEl3JRWLKKGJKh6Yaiv0GLGSuhpFJe7P3SbHZ8/yjAHRQwKRoA6YZqlfjXWmVzoVSMw==",
      "dev": true
    }
  }
}
